
Microsoft Visual Studio Solution File, Format Version 12.00
# Visual Studio Version 17
VisualStudioVersion = 17.14.37502.11 d17.14
MinimumVisualStudioVersion = 10.0.40219.1
Project("{FAE04EC0-301F-11D3-BF4B-00C04F79EFBC}") = "SftpIntegrationApi", "SftpIntegrationApi\SftpIntegrationApi.csproj", "{C1C10062-08C4-49F2-81C6-2C2ECA868486}"
EndProject
Global
	GlobalSection(SolutionConfigurationPlatforms) = preSolution
		Debug|Any CPU = Debug|Any CPU
		Release|Any CPU = Release|Any CPU
	EndGlobalSection
	GlobalSection(ProjectConfigurationPlatforms) = postSolution
		{C1C10062-08C4-49F2-81C6-2C2ECA868486}.Debug|Any CPU.ActiveCfg = Debug|Any CPU
		{C1C10062-08C4-49F2-81C6-2C2ECA868486}.Debug|Any CPU.Build.0 = Debug|Any CPU
		{C1C10062-08C4-49F2-81C6-2C2ECA868486}.Release|Any CPU.ActiveCfg = Release|Any CPU
		{C1C10062-08C4-49F2-81C6-2C2ECA868486}.Release|Any CPU.Build.0 = Release|Any CPU
	EndGlobalSection
	GlobalSection(SolutionProperties) = preSolution
		HideSolutionNode = FALSE
	EndGlobalSection
	GlobalSection(ExtensibilityGlobals) = postSolution
		SolutionGuid = {F649577B-7A87-4319-898E-58AA92B21202}
	EndGlobalSection
EndGlobal
